// !$*UTF8*$!
{
	archiveVersion = 1;
	classes = {
	};
	objectVersion = 46;
	objects = {

/* Begin PBXBuildFile section */
		0661BEEDE77824248477B59A /* Pods_Onyo_challengeTests.framework in Frameworks */ = {isa = PBXBuildFile; fileRef = 844BE11F7B15A50EB575012B /* Pods_Onyo_challengeTests.framework */; };
		0AD37308631061B0C7F9C908 /* Pods_Onyo_challenge.framework in Frameworks */ = {isa = PBXBuildFile; fileRef = E810245FE042DA8610482EF2 /* Pods_Onyo_challenge.framework */; };
		3850FA571CE92B8B00B3AFC3 /* OnyoNavigationItem.swift in Sources */ = {isa = PBXBuildFile; fileRef = 3850FA561CE92B8B00B3AFC3 /* OnyoNavigationItem.swift */; };
		3850FA5C1CE92D8500B3AFC3 /* OnyoTabBarController.swift in Sources */ = {isa = PBXBuildFile; fileRef = 3850FA5B1CE92D8500B3AFC3 /* OnyoTabBarController.swift */; };
		3864FBEA1CE65552006C6484 /* AppDelegate.swift in Sources */ = {isa = PBXBuildFile; fileRef = 3864FBE91CE65552006C6484 /* AppDelegate.swift */; };
		3864FBEC1CE65552006C6484 /* RestaurantViewController.swift in Sources */ = {isa = PBXBuildFile; fileRef = 3864FBEB1CE65552006C6484 /* RestaurantViewController.swift */; };
		3864FBEF1CE65552006C6484 /* Main.storyboard in Resources */ = {isa = PBXBuildFile; fileRef = 3864FBED1CE65552006C6484 /* Main.storyboard */; };
		3864FBF11CE65552006C6484 /* Assets.xcassets in Resources */ = {isa = PBXBuildFile; fileRef = 3864FBF01CE65552006C6484 /* Assets.xcassets */; };
		3864FBF41CE65552006C6484 /* LaunchScreen.storyboard in Resources */ = {isa = PBXBuildFile; fileRef = 3864FBF21CE65552006C6484 /* LaunchScreen.storyboard */; };
		3864FBFF1CE65552006C6484 /* Onyo_challengeTests.swift in Sources */ = {isa = PBXBuildFile; fileRef = 3864FBFE1CE65552006C6484 /* Onyo_challengeTests.swift */; };
		3864FC0A1CE65552006C6484 /* Onyo_challengeUITests.swift in Sources */ = {isa = PBXBuildFile; fileRef = 3864FC091CE65552006C6484 /* Onyo_challengeUITests.swift */; };
		386EDC8C1CE7ECC9009739D2 /* LocationManager.swift in Sources */ = {isa = PBXBuildFile; fileRef = 386EDC8B1CE7ECC9009739D2 /* LocationManager.swift */; };
		386EDC901CE8C04B009739D2 /* Category.swift in Sources */ = {isa = PBXBuildFile; fileRef = 386EDC8F1CE8C04B009739D2 /* Category.swift */; };
		386EDC951CE8CAC7009739D2 /* CategoryCollectionViewCell.swift in Sources */ = {isa = PBXBuildFile; fileRef = 386EDC941CE8CAC7009739D2 /* CategoryCollectionViewCell.swift */; };
		386EDC971CE8CB1D009739D2 /* CategoryViewController.swift in Sources */ = {isa = PBXBuildFile; fileRef = 386EDC961CE8CB1D009739D2 /* CategoryViewController.swift */; };
		388555681CE75E73006D8ED9 /* Company.swift in Sources */ = {isa = PBXBuildFile; fileRef = 388555671CE75E73006D8ED9 /* Company.swift */; };
		3885556F1CE7667E006D8ED9 /* CompanyTableViewCell.swift in Sources */ = {isa = PBXBuildFile; fileRef = 3885556E1CE7667E006D8ED9 /* CompanyTableViewCell.swift */; };
		388555741CE7698B006D8ED9 /* NibObjects.swift in Sources */ = {isa = PBXBuildFile; fileRef = 388555731CE7698B006D8ED9 /* NibObjects.swift */; };
		38ACFBEF1CE7733B00865EA1 /* UIColor+Onyo.swift in Sources */ = {isa = PBXBuildFile; fileRef = 38ACFBEE1CE7733B00865EA1 /* UIColor+Onyo.swift */; };
		38CC0F131CE69085004A0FC0 /* OnyoAPIManager.swift in Sources */ = {isa = PBXBuildFile; fileRef = 38CC0F121CE69085004A0FC0 /* OnyoAPIManager.swift */; };
		38CC0F191CE69138004A0FC0 /* URIs.plist in Resources */ = {isa = PBXBuildFile; fileRef = 38CC0F181CE69138004A0FC0 /* URIs.plist */; };
		7C5B7D75FBBCBEA3C8359AE0 /* Pods_Onyo_challengeUITests.framework in Frameworks */ = {isa = PBXBuildFile; fileRef = 6A0ECA86C11A3566472E9F46 /* Pods_Onyo_challengeUITests.framework */; };
/* End PBXBuildFile section */

/* Begin PBXContainerItemProxy section */
		3864FBFB1CE65552006C6484 /* PBXContainerItemProxy */ = {
			isa = PBXContainerItemProxy;
			containerPortal = 3864FBDE1CE65552006C6484 /* Project object */;
			proxyType = 1;
			remoteGlobalIDString = 3864FBE51CE65552006C6484;
			remoteInfo = "Onyo-challenge";
		};
		3864FC061CE65552006C6484 /* PBXContainerItemProxy */ = {
			isa = PBXContainerItemProxy;
			containerPortal = 3864FBDE1CE65552006C6484 /* Project object */;
			proxyType = 1;
			remoteGlobalIDString = 3864FBE51CE65552006C6484;
			remoteInfo = "Onyo-challenge";
		};
/* End PBXContainerItemProxy section */

/* Begin PBXFileReference section */
		0825644DDAB78E6716BF849D /* Pods-Onyo-challenge.debug.xcconfig */ = {isa = PBXFileReference; includeInIndex = 1; lastKnownFileType = text.xcconfig; name = "Pods-Onyo-challenge.debug.xcconfig"; path = "Pods/Target Support Files/Pods-Onyo-challenge/Pods-Onyo-challenge.debug.xcconfig"; sourceTree = "<group>"; };
		246E29800DBF2D735856EE95 /* Pods-Onyo-challengeUITests.debug.xcconfig */ = {isa = PBXFileReference; includeInIndex = 1; lastKnownFileType = text.xcconfig; name = "Pods-Onyo-challengeUITests.debug.xcconfig"; path = "Pods/Target Support Files/Pods-Onyo-challengeUITests/Pods-Onyo-challengeUITests.debug.xcconfig"; sourceTree = "<group>"; };
		3850FA561CE92B8B00B3AFC3 /* OnyoNavigationItem.swift */ = {isa = PBXFileReference; fileEncoding = 4; lastKnownFileType = sourcecode.swift; path = OnyoNavigationItem.swift; sourceTree = "<group>"; };
		3850FA5B1CE92D8500B3AFC3 /* OnyoTabBarController.swift */ = {isa = PBXFileReference; fileEncoding = 4; lastKnownFileType = sourcecode.swift; path = OnyoTabBarController.swift; sourceTree = "<group>"; };
		3864FBE61CE65552006C6484 /* Onyo-challenge.app */ = {isa = PBXFileReference; explicitFileType = wrapper.application; includeInIndex = 0; path = "Onyo-challenge.app"; sourceTree = BUILT_PRODUCTS_DIR; };
		3864FBE91CE65552006C6484 /* AppDelegate.swift */ = {isa = PBXFileReference; lastKnownFileType = sourcecode.swift; path = AppDelegate.swift; sourceTree = "<group>"; };
		3864FBEB1CE65552006C6484 /* RestaurantViewController.swift */ = {isa = PBXFileReference; lastKnownFileType = sourcecode.swift; path = RestaurantViewController.swift; sourceTree = "<group>"; };
		3864FBEE1CE65552006C6484 /* Base */ = {isa = PBXFileReference; lastKnownFileType = file.storyboard; name = Base; path = Base.lproj/Main.storyboard; sourceTree = "<group>"; };
		3864FBF01CE65552006C6484 /* Assets.xcassets */ = {isa = PBXFileReference; lastKnownFileType = folder.assetcatalog; path = Assets.xcassets; sourceTree = "<group>"; };
		3864FBF31CE65552006C6484 /* Base */ = {isa = PBXFileReference; lastKnownFileType = file.storyboard; name = Base; path = Base.lproj/LaunchScreen.storyboard; sourceTree = "<group>"; };
		3864FBF51CE65552006C6484 /* Info.plist */ = {isa = PBXFileReference; lastKnownFileType = text.plist.xml; path = Info.plist; sourceTree = "<group>"; };
		3864FBFA1CE65552006C6484 /* Onyo-challengeTests.xctest */ = {isa = PBXFileReference; explicitFileType = wrapper.cfbundle; includeInIndex = 0; path = "Onyo-challengeTests.xctest"; sourceTree = BUILT_PRODUCTS_DIR; };
		3864FBFE1CE65552006C6484 /* Onyo_challengeTests.swift */ = {isa = PBXFileReference; lastKnownFileType = sourcecode.swift; path = Onyo_challengeTests.swift; sourceTree = "<group>"; };
		3864FC001CE65552006C6484 /* Info.plist */ = {isa = PBXFileReference; lastKnownFileType = text.plist.xml; path = Info.plist; sourceTree = "<group>"; };
		3864FC051CE65552006C6484 /* Onyo-challengeUITests.xctest */ = {isa = PBXFileReference; explicitFileType = wrapper.cfbundle; includeInIndex = 0; path = "Onyo-challengeUITests.xctest"; sourceTree = BUILT_PRODUCTS_DIR; };
		3864FC091CE65552006C6484 /* Onyo_challengeUITests.swift */ = {isa = PBXFileReference; lastKnownFileType = sourcecode.swift; path = Onyo_challengeUITests.swift; sourceTree = "<group>"; };
		3864FC0B1CE65552006C6484 /* Info.plist */ = {isa = PBXFileReference; lastKnownFileType = text.plist.xml; path = Info.plist; sourceTree = "<group>"; };
		386EDC8B1CE7ECC9009739D2 /* LocationManager.swift */ = {isa = PBXFileReference; fileEncoding = 4; lastKnownFileType = sourcecode.swift; path = LocationManager.swift; sourceTree = "<group>"; };
		386EDC8F1CE8C04B009739D2 /* Category.swift */ = {isa = PBXFileReference; fileEncoding = 4; lastKnownFileType = sourcecode.swift; path = Category.swift; sourceTree = "<group>"; };
		386EDC941CE8CAC7009739D2 /* CategoryCollectionViewCell.swift */ = {isa = PBXFileReference; fileEncoding = 4; lastKnownFileType = sourcecode.swift; path = CategoryCollectionViewCell.swift; sourceTree = "<group>"; };
		386EDC961CE8CB1D009739D2 /* CategoryViewController.swift */ = {isa = PBXFileReference; fileEncoding = 4; lastKnownFileType = sourcecode.swift; path = CategoryViewController.swift; sourceTree = "<group>"; };
		388555671CE75E73006D8ED9 /* Company.swift */ = {isa = PBXFileReference; fileEncoding = 4; lastKnownFileType = sourcecode.swift; path = Company.swift; sourceTree = "<group>"; };
		3885556E1CE7667E006D8ED9 /* CompanyTableViewCell.swift */ = {isa = PBXFileReference; fileEncoding = 4; lastKnownFileType = sourcecode.swift; path = CompanyTableViewCell.swift; sourceTree = "<group>"; };
		388555731CE7698B006D8ED9 /* NibObjects.swift */ = {isa = PBXFileReference; fileEncoding = 4; lastKnownFileType = sourcecode.swift; path = NibObjects.swift; sourceTree = "<group>"; };
		38ACFBEE1CE7733B00865EA1 /* UIColor+Onyo.swift */ = {isa = PBXFileReference; fileEncoding = 4; lastKnownFileType = sourcecode.swift; path = "UIColor+Onyo.swift"; sourceTree = "<group>"; };
		38CC0F121CE69085004A0FC0 /* OnyoAPIManager.swift */ = {isa = PBXFileReference; fileEncoding = 4; lastKnownFileType = sourcecode.swift; path = OnyoAPIManager.swift; sourceTree = "<group>"; };
		38CC0F181CE69138004A0FC0 /* URIs.plist */ = {isa = PBXFileReference; fileEncoding = 4; lastKnownFileType = text.plist.xml; path = URIs.plist; sourceTree = "<group>"; };
		52BC3A29C17AD8E19D6A6006 /* Pods-Onyo-challenge.release.xcconfig */ = {isa = PBXFileReference; includeInIndex = 1; lastKnownFileType = text.xcconfig; name = "Pods-Onyo-challenge.release.xcconfig"; path = "Pods/Target Support Files/Pods-Onyo-challenge/Pods-Onyo-challenge.release.xcconfig"; sourceTree = "<group>"; };
		5AC3D9CB870599AAF625DCF5 /* Pods-Onyo-challengeUITests.release.xcconfig */ = {isa = PBXFileReference; includeInIndex = 1; lastKnownFileType = text.xcconfig; name = "Pods-Onyo-challengeUITests.release.xcconfig"; path = "Pods/Target Support Files/Pods-Onyo-challengeUITests/Pods-Onyo-challengeUITests.release.xcconfig"; sourceTree = "<group>"; };
		5FCF458BFEA61C1496395411 /* Pods-Onyo-challengeTests.release.xcconfig */ = {isa = PBXFileReference; includeInIndex = 1; lastKnownFileType = text.xcconfig; name = "Pods-Onyo-challengeTests.release.xcconfig"; path = "Pods/Target Support Files/Pods-Onyo-challengeTests/Pods-Onyo-challengeTests.release.xcconfig"; sourceTree = "<group>"; };
		6A0ECA86C11A3566472E9F46 /* Pods_Onyo_challengeUITests.framework */ = {isa = PBXFileReference; explicitFileType = wrapper.framework; includeInIndex = 0; path = Pods_Onyo_challengeUITests.framework; sourceTree = BUILT_PRODUCTS_DIR; };
		844BE11F7B15A50EB575012B /* Pods_Onyo_challengeTests.framework */ = {isa = PBXFileReference; explicitFileType = wrapper.framework; includeInIndex = 0; path = Pods_Onyo_challengeTests.framework; sourceTree = BUILT_PRODUCTS_DIR; };
		C173804BCEE7BF8D0C260A7C /* Pods-Onyo-challengeTests.debug.xcconfig */ = {isa = PBXFileReference; includeInIndex = 1; lastKnownFileType = text.xcconfig; name = "Pods-Onyo-challengeTests.debug.xcconfig"; path = "Pods/Target Support Files/Pods-Onyo-challengeTests/Pods-Onyo-challengeTests.debug.xcconfig"; sourceTree = "<group>"; };
		E810245FE042DA8610482EF2 /* Pods_Onyo_challenge.framework */ = {isa = PBXFileReference; explicitFileType = wrapper.framework; includeInIndex = 0; path = Pods_Onyo_challenge.framework; sourceTree = BUILT_PRODUCTS_DIR; };
/* End PBXFileReference section */

/* Begin PBXFrameworksBuildPhase section */
		3864FBE31CE65552006C6484 /* Frameworks */ = {
			isa = PBXFrameworksBuildPhase;
			buildActionMask = 2147483647;
			files = (
				0AD37308631061B0C7F9C908 /* Pods_Onyo_challenge.framework in Frameworks */,
			);
			runOnlyForDeploymentPostprocessing = 0;
		};
		3864FBF71CE65552006C6484 /* Frameworks */ = {
			isa = PBXFrameworksBuildPhase;
			buildActionMask = 2147483647;
			files = (
				0661BEEDE77824248477B59A /* Pods_Onyo_challengeTests.framework in Frameworks */,
			);
			runOnlyForDeploymentPostprocessing = 0;
		};
		3864FC021CE65552006C6484 /* Frameworks */ = {
			isa = PBXFrameworksBuildPhase;
			buildActionMask = 2147483647;
			files = (
				7C5B7D75FBBCBEA3C8359AE0 /* Pods_Onyo_challengeUITests.framework in Frameworks */,
			);
			runOnlyForDeploymentPostprocessing = 0;
		};
/* End PBXFrameworksBuildPhase section */

/* Begin PBXGroup section */
		07909768C15CC023E583BA88 /* Pods */ = {
			isa = PBXGroup;
			children = (
				0825644DDAB78E6716BF849D /* Pods-Onyo-challenge.debug.xcconfig */,
				52BC3A29C17AD8E19D6A6006 /* Pods-Onyo-challenge.release.xcconfig */,
				C173804BCEE7BF8D0C260A7C /* Pods-Onyo-challengeTests.debug.xcconfig */,
				5FCF458BFEA61C1496395411 /* Pods-Onyo-challengeTests.release.xcconfig */,
				246E29800DBF2D735856EE95 /* Pods-Onyo-challengeUITests.debug.xcconfig */,
				5AC3D9CB870599AAF625DCF5 /* Pods-Onyo-challengeUITests.release.xcconfig */,
			);
			name = Pods;
			sourceTree = "<group>";
		};
		3850FA5A1CE92D1900B3AFC3 /* Navigation & Bars */ = {
			isa = PBXGroup;
			children = (
				3850FA561CE92B8B00B3AFC3 /* OnyoNavigationItem.swift */,
				3850FA5B1CE92D8500B3AFC3 /* OnyoTabBarController.swift */,
			);
			name = "Navigation & Bars";
			sourceTree = "<group>";
		};
		3864FBDD1CE65552006C6484 = {
			isa = PBXGroup;
			children = (
				3864FBE81CE65552006C6484 /* Onyo-challenge */,
				3864FBFD1CE65552006C6484 /* Onyo-challengeTests */,
				3864FC081CE65552006C6484 /* Onyo-challengeUITests */,
				3864FBE71CE65552006C6484 /* Products */,
				07909768C15CC023E583BA88 /* Pods */,
				984D8B96086CEA7E4EFB25FC /* Frameworks */,
			);
			sourceTree = "<group>";
		};
		3864FBE71CE65552006C6484 /* Products */ = {
			isa = PBXGroup;
			children = (
				3864FBE61CE65552006C6484 /* Onyo-challenge.app */,
				3864FBFA1CE65552006C6484 /* Onyo-challengeTests.xctest */,
				3864FC051CE65552006C6484 /* Onyo-challengeUITests.xctest */,
			);
			name = Products;
			sourceTree = "<group>";
		};
		3864FBE81CE65552006C6484 /* Onyo-challenge */ = {
			isa = PBXGroup;
			children = (
				38CC0F0F1CE69050004A0FC0 /* Model */,
				38CC0F101CE69054004A0FC0 /* View */,
				38CC0F111CE69059004A0FC0 /* ViewModel */,
				38CC0F141CE690D3004A0FC0 /* Supporting Files */,
			);
			path = "Onyo-challenge";
			sourceTree = "<group>";
		};
		3864FBFD1CE65552006C6484 /* Onyo-challengeTests */ = {
			isa = PBXGroup;
			children = (
				3864FBFE1CE65552006C6484 /* Onyo_challengeTests.swift */,
				3864FC001CE65552006C6484 /* Info.plist */,
			);
			path = "Onyo-challengeTests";
			sourceTree = "<group>";
		};
		3864FC081CE65552006C6484 /* Onyo-challengeUITests */ = {
			isa = PBXGroup;
			children = (
				3864FC091CE65552006C6484 /* Onyo_challengeUITests.swift */,
				3864FC0B1CE65552006C6484 /* Info.plist */,
			);
			path = "Onyo-challengeUITests";
			sourceTree = "<group>";
		};
		386EDC931CE8CAAA009739D2 /* UICollectionViewCell */ = {
			isa = PBXGroup;
			children = (
				386EDC941CE8CAC7009739D2 /* CategoryCollectionViewCell.swift */,
			);
			name = UICollectionViewCell;
			sourceTree = "<group>";
		};
		388555651CE75E55006D8ED9 /* Managers */ = {
			isa = PBXGroup;
			children = (
				386EDC8B1CE7ECC9009739D2 /* LocationManager.swift */,
				38CC0F121CE69085004A0FC0 /* OnyoAPIManager.swift */,
			);
			name = Managers;
			sourceTree = "<group>";
		};
		388555661CE75E5A006D8ED9 /* Data Models */ = {
			isa = PBXGroup;
			children = (
				388555671CE75E73006D8ED9 /* Company.swift */,
				386EDC8F1CE8C04B009739D2 /* Category.swift */,
			);
			name = "Data Models";
			sourceTree = "<group>";
		};
		3885556D1CE7665E006D8ED9 /* UITableViewCell */ = {
			isa = PBXGroup;
			children = (
				3885556E1CE7667E006D8ED9 /* CompanyTableViewCell.swift */,
			);
			name = UITableViewCell;
			sourceTree = "<group>";
		};
		388555721CE7697F006D8ED9 /* Helpers */ = {
			isa = PBXGroup;
			children = (
				388555731CE7698B006D8ED9 /* NibObjects.swift */,
				38ACFBEE1CE7733B00865EA1 /* UIColor+Onyo.swift */,
			);
			name = Helpers;
			sourceTree = "<group>";
		};
		38CC0F0F1CE69050004A0FC0 /* Model */ = {
			isa = PBXGroup;
			children = (
				388555661CE75E5A006D8ED9 /* Data Models */,
				388555721CE7697F006D8ED9 /* Helpers */,
				388555651CE75E55006D8ED9 /* Managers */,
			);
			name = Model;
			sourceTree = "<group>";
		};
		38CC0F101CE69054004A0FC0 /* View */ = {
			isa = PBXGroup;
			children = (
				3850FA5A1CE92D1900B3AFC3 /* Navigation & Bars */,
				386EDC931CE8CAAA009739D2 /* UICollectionViewCell */,
				3885556D1CE7665E006D8ED9 /* UITableViewCell */,
				3864FBED1CE65552006C6484 /* Main.storyboard */,
				3864FBF21CE65552006C6484 /* LaunchScreen.storyboard */,
			);
			name = View;
			sourceTree = "<group>";
		};
		38CC0F111CE69059004A0FC0 /* ViewModel */ = {
			isa = PBXGroup;
			children = (
				3864FBEB1CE65552006C6484 /* RestaurantViewController.swift */,
				386EDC961CE8CB1D009739D2 /* CategoryViewController.swift */,
			);
			name = ViewModel;
			sourceTree = "<group>";
		};
		38CC0F141CE690D3004A0FC0 /* Supporting Files */ = {
			isa = PBXGroup;
			children = (
				38CC0F151CE6910D004A0FC0 /* OnyoAPIResources */,
				3864FBF51CE65552006C6484 /* Info.plist */,
				3864FBE91CE65552006C6484 /* AppDelegate.swift */,
				3864FBF01CE65552006C6484 /* Assets.xcassets */,
			);
			name = "Supporting Files";
			sourceTree = "<group>";
		};
		38CC0F151CE6910D004A0FC0 /* OnyoAPIResources */ = {
			isa = PBXGroup;
			children = (
				38CC0F181CE69138004A0FC0 /* URIs.plist */,
			);
			name = OnyoAPIResources;
			sourceTree = "<group>";
		};
		984D8B96086CEA7E4EFB25FC /* Frameworks */ = {
			isa = PBXGroup;
			children = (
				E810245FE042DA8610482EF2 /* Pods_Onyo_challenge.framework */,
				844BE11F7B15A50EB575012B /* Pods_Onyo_challengeTests.framework */,
				6A0ECA86C11A3566472E9F46 /* Pods_Onyo_challengeUITests.framework */,
			);
			name = Frameworks;
			sourceTree = "<group>";
		};
/* End PBXGroup section */

/* Begin PBXNativeTarget section */
		3864FBE51CE65552006C6484 /* Onyo-challenge */ = {
			isa = PBXNativeTarget;
			buildConfigurationList = 3864FC0E1CE65552006C6484 /* Build configuration list for PBXNativeTarget "Onyo-challenge" */;
			buildPhases = (
				8F2BE76F24901B7A073B30B6 /* Check Pods Manifest.lock */,
				3864FBE21CE65552006C6484 /* Sources */,
				3864FBE31CE65552006C6484 /* Frameworks */,
				3864FBE41CE65552006C6484 /* Resources */,
				1F7ADE871BF9E567C3AA2266 /* Embed Pods Frameworks */,
				6F67D3430CE67CC1C188E217 /* Copy Pods Resources */,
			);
			buildRules = (
			);
			dependencies = (
			);
			name = "Onyo-challenge";
			productName = "Onyo-challenge";
			productReference = 3864FBE61CE65552006C6484 /* Onyo-challenge.app */;
			productType = "com.apple.product-type.application";
		};
		3864FBF91CE65552006C6484 /* Onyo-challengeTests */ = {
			isa = PBXNativeTarget;
			buildConfigurationList = 3864FC111CE65552006C6484 /* Build configuration list for PBXNativeTarget "Onyo-challengeTests" */;
			buildPhases = (
				CDDD43B9D764EEB0CF9CB555 /* Check Pods Manifest.lock */,
				3864FBF61CE65552006C6484 /* Sources */,
				3864FBF71CE65552006C6484 /* Frameworks */,
				3864FBF81CE65552006C6484 /* Resources */,
				CFF5E6BB3037CFA066B43D13 /* Embed Pods Frameworks */,
				E7F2ECF54B9C2B0BC3F52D3A /* Copy Pods Resources */,
			);
			buildRules = (
			);
			dependencies = (
				3864FBFC1CE65552006C6484 /* PBXTargetDependency */,
			);
			name = "Onyo-challengeTests";
			productName = "Onyo-challengeTests";
			productReference = 3864FBFA1CE65552006C6484 /* Onyo-challengeTests.xctest */;
			productType = "com.apple.product-type.bundle.unit-test";
		};
		3864FC041CE65552006C6484 /* Onyo-challengeUITests */ = {
			isa = PBXNativeTarget;
			buildConfigurationList = 3864FC141CE65552006C6484 /* Build configuration list for PBXNativeTarget "Onyo-challengeUITests" */;
			buildPhases = (
				AC9FBEBF8B395C95EA781658 /* Check Pods Manifest.lock */,
				3864FC011CE65552006C6484 /* Sources */,
				3864FC021CE65552006C6484 /* Frameworks */,
				3864FC031CE65552006C6484 /* Resources */,
				70BFA72A28DDF8736A752859 /* Copy Pods Resources */,
			);
			buildRules = (
			);
			dependencies = (
				3864FC071CE65552006C6484 /* PBXTargetDependency */,
			);
			name = "Onyo-challengeUITests";
			productName = "Onyo-challengeUITests";
			productReference = 3864FC051CE65552006C6484 /* Onyo-challengeUITests.xctest */;
			productType = "com.apple.product-type.bundle.ui-testing";
		};
/* End PBXNativeTarget section */

/* Begin PBXProject section */
		3864FBDE1CE65552006C6484 /* Project object */ = {
			isa = PBXProject;
			attributes = {
				LastSwiftUpdateCheck = 0730;
				LastUpgradeCheck = 0730;
				ORGANIZATIONNAME = "Matheus Cavalca";
				TargetAttributes = {
					3864FBE51CE65552006C6484 = {
						CreatedOnToolsVersion = 7.3;
					};
					3864FBF91CE65552006C6484 = {
						CreatedOnToolsVersion = 7.3;
						TestTargetID = 3864FBE51CE65552006C6484;
					};
					3864FC041CE65552006C6484 = {
						CreatedOnToolsVersion = 7.3;
						TestTargetID = 3864FBE51CE65552006C6484;
					};
				};
			};
			buildConfigurationList = 3864FBE11CE65552006C6484 /* Build configuration list for PBXProject "Onyo-challenge" */;
			compatibilityVersion = "Xcode 3.2";
			developmentRegion = English;
			hasScannedForEncodings = 0;
			knownRegions = (
				en,
				Base,
			);
			mainGroup = 3864FBDD1CE65552006C6484;
			productRefGroup = 3864FBE71CE65552006C6484 /* Products */;
			projectDirPath = "";
			projectRoot = "";
			targets = (
				3864FBE51CE65552006C6484 /* Onyo-challenge */,
				3864FBF91CE65552006C6484 /* Onyo-challengeTests */,
				3864FC041CE65552006C6484 /* Onyo-challengeUITests */,
			);
		};
/* End PBXProject section */

/* Begin PBXResourcesBuildPhase section */
		3864FBE41CE65552006C6484 /* Resources */ = {
			isa = PBXResourcesBuildPhase;
			buildActionMask = 2147483647;
			files = (
				3864FBF41CE65552006C6484 /* LaunchScreen.storyboard in Resources */,
				3864FBF11CE65552006C6484 /* Assets.xcassets in Resources */,
				3864FBEF1CE65552006C6484 /* Main.storyboard in Resources */,
				38CC0F191CE69138004A0FC0 /* URIs.plist in Resources */,
			);
			runOnlyForDeploymentPostprocessing = 0;
		};
		3864FBF81CE65552006C6484 /* Resources */ = {
			isa = PBXResourcesBuildPhase;
			buildActionMask = 2147483647;
			files = (
			);
			runOnlyForDeploymentPostprocessing = 0;
		};
		3864FC031CE65552006C6484 /* Resources */ = {
			isa = PBXResourcesBuildPhase;
			buildActionMask = 2147483647;
			files = (
			);
			runOnlyForDeploymentPostprocessing = 0;
		};
/* End PBXResourcesBuildPhase section */

/* Begin PBXShellScriptBuildPhase section */
		1F7ADE871BF9E567C3AA2266 /* Embed Pods Frameworks */ = {
			isa = PBXShellScriptBuildPhase;
			buildActionMask = 2147483647;
			files = (
			);
			inputPaths = (
			);
			name = "Embed Pods Frameworks";
			outputPaths = (
			);
			runOnlyForDeploymentPostprocessing = 0;
			shellPath = /bin/sh;
			shellScript = "\"${SRCROOT}/Pods/Target Support Files/Pods-Onyo-challenge/Pods-Onyo-challenge-frameworks.sh\"\n";
			showEnvVarsInLog = 0;
		};
		6F67D3430CE67CC1C188E217 /* Copy Pods Resources */ = {
			isa = PBXShellScriptBuildPhase;
			buildActionMask = 2147483647;
			files = (
			);
			inputPaths = (
			);
			name = "Copy Pods Resources";
			outputPaths = (
			);
			runOnlyForDeploymentPostprocessing = 0;
			shellPath = /bin/sh;
			shellScript = "\"${SRCROOT}/Pods/Target Support Files/Pods-Onyo-challenge/Pods-Onyo-challenge-resources.sh\"\n";
			showEnvVarsInLog = 0;
		};
		70BFA72A28DDF8736A752859 /* Copy Pods Resources */ = {
			isa = PBXShellScriptBuildPhase;
			buildActionMask = 2147483647;
			files = (
			);
			inputPaths = (
			);
			name = "Copy Pods Resources";
			outputPaths = (
			);
			runOnlyForDeploymentPostprocessing = 0;
			shellPath = /bin/sh;
			shellScript = "\"${SRCROOT}/Pods/Target Support Files/Pods-Onyo-challengeUITests/Pods-Onyo-challengeUITests-resources.sh\"\n";
			showEnvVarsInLog = 0;
		};
		8F2BE76F24901B7A073B30B6 /* Check Pods Manifest.lock */ = {
			isa = PBXShellScriptBuildPhase;
			buildActionMask = 2147483647;
			files = (
			);
			inputPaths = (
			);
			name = "Check Pods Manifest.lock";
			outputPaths = (
			);
			runOnlyForDeploymentPostprocessing = 0;
			shellPath = /bin/sh;
			shellScript = "diff \"${PODS_ROOT}/../Podfile.lock\" \"${PODS_ROOT}/Manifest.lock\" > /dev/null\nif [[ $? != 0 ]] ; then\n    cat << EOM\nerror: The sandbox is not in sync with the Podfile.lock. Run 'pod install' or update your CocoaPods installation.\nEOM\n    exit 1\nfi\n";
			showEnvVarsInLog = 0;
		};
		AC9FBEBF8B395C95EA781658 /* Check Pods Manifest.lock */ = {
			isa = PBXShellScriptBuildPhase;
			buildActionMask = 2147483647;
			files = (
			);
			inputPaths = (
			);
			name = "Check Pods Manifest.lock";
			outputPaths = (
			);
			runOnlyForDeploymentPostprocessing = 0;
			shellPath = /bin/sh;
			shellScript = "diff \"${PODS_ROOT}/../Podfile.lock\" \"${PODS_ROOT}/Manifest.lock\" > /dev/null\nif [[ $? != 0 ]] ; then\n    cat << EOM\nerror: The sandbox is not in sync with the Podfile.lock. Run 'pod install' or update your CocoaPods installation.\nEOM\n    exit 1\nfi\n";
			showEnvVarsInLog = 0;
		};
		CDDD43B9D764EEB0CF9CB555 /* Check Pods Manifest.lock */ = {
			isa = PBXShellScriptBuildPhase;
			buildActionMask = 2147483647;
			files = (
			);
			inputPaths = (
			);
			name = "Check Pods Manifest.lock";
			outputPaths = (
			);
			runOnlyForDeploymentPostprocessing = 0;
			shellPath = /bin/sh;
			shellScript = "diff \"${PODS_ROOT}/../Podfile.lock\" \"${PODS_ROOT}/Manifest.lock\" > /dev/null\nif [[ $? != 0 ]] ; then\n    cat << EOM\nerror: The sandbox is not in sync with the Podfile.lock. Run 'pod install' or update your CocoaPods installation.\nEOM\n    exit 1\nfi\n";
			showEnvVarsInLog = 0;
		};
		CFF5E6BB3037CFA066B43D13 /* Embed Pods Frameworks */ = {
			isa = PBXShellScriptBuildPhase;
			buildActionMask = 2147483647;
			files = (
			);
			inputPaths = (
			);
			name = "Embed Pods Frameworks";
			outputPaths = (
			);
			runOnlyForDeploymentPostprocessing = 0;
			shellPath = /bin/sh;
			shellScript = "\"${SRCROOT}/Pods/Target Support Files/Pods-Onyo-challengeTests/Pods-Onyo-challengeTests-frameworks.sh\"\n";
			showEnvVarsInLog = 0;
		};
		E7F2ECF54B9C2B0BC3F52D3A /* Copy Pods Resources */ = {
			isa = PBXShellScriptBuildPhase;
			buildActionMask = 2147483647;
			files = (
			);
			inputPaths = (
			);
			name = "Copy Pods Resources";
			outputPaths = (
			);
			runOnlyForDeploymentPostprocessing = 0;
			shellPath = /bin/sh;
			shellScript = "\"${SRCROOT}/Pods/Target Support Files/Pods-Onyo-challengeTests/Pods-Onyo-challengeTests-resources.sh\"\n";
			showEnvVarsInLog = 0;
		};
/* End PBXShellScriptBuildPhase section */

/* Begin PBXSourcesBuildPhase section */
		3864FBE21CE65552006C6484 /* Sources */ = {
			isa = PBXSourcesBuildPhase;
			buildActionMask = 2147483647;
			files = (
				388555741CE7698B006D8ED9 /* NibObjects.swift in Sources */,
				38ACFBEF1CE7733B00865EA1 /* UIColor+Onyo.swift in Sources */,
				388555681CE75E73006D8ED9 /* Company.swift in Sources */,
				3864FBEC1CE65552006C6484 /* RestaurantViewController.swift in Sources */,
				386EDC8C1CE7ECC9009739D2 /* LocationManager.swift in Sources */,
				386EDC901CE8C04B009739D2 /* Category.swift in Sources */,
				386EDC951CE8CAC7009739D2 /* CategoryCollectionViewCell.swift in Sources */,
				38CC0F131CE69085004A0FC0 /* OnyoAPIManager.swift in Sources */,
				3850FA571CE92B8B00B3AFC3 /* OnyoNavigationItem.swift in Sources */,
				3885556F1CE7667E006D8ED9 /* CompanyTableViewCell.swift in Sources */,
				3850FA5C1CE92D8500B3AFC3 /* OnyoTabBarController.swift in Sources */,
				386EDC971CE8CB1D009739D2 /* CategoryViewController.swift in Sources */,
				3864FBEA1CE65552006C6484 /* AppDelegate.swift in Sources */,
			);
			runOnlyForDeploymentPostprocessing = 0;
		};
		3864FBF61CE65552006C6484 /* Sources */ = {
			isa = PBXSourcesBuildPhase;
			buildActionMask = 2147483647;
			files = (
				3864FBFF1CE65552006C6484 /* Onyo_challengeTests.swift in Sources */,
			);
			runOnlyForDeploymentPostprocessing = 0;
		};
		3864FC011CE65552006C6484 /* Sources */ = {
			isa = PBXSourcesBuildPhase;
			buildActionMask = 2147483647;
			files = (
				3864FC0A1CE65552006C6484 /* Onyo_challengeUITests.swift in Sources */,
			);
			runOnlyForDeploymentPostprocessing = 0;
		};
/* End PBXSourcesBuildPhase section */

/* Begin PBXTargetDependency section */
		3864FBFC1CE65552006C6484 /* PBXTargetDependency */ = {
			isa = PBXTargetDependency;
			target = 3864FBE51CE65552006C6484 /* Onyo-challenge */;
			targetProxy = 3864FBFB1CE65552006C6484 /* PBXContainerItemProxy */;
		};
		3864FC071CE65552006C6484 /* PBXTargetDependency */ = {
			isa = PBXTargetDependency;
			target = 3864FBE51CE65552006C6484 /* Onyo-challenge */;
			targetProxy = 3864FC061CE65552006C6484 /* PBXContainerItemProxy */;
		};
/* End PBXTargetDependency section */

/* Begin PBXVariantGroup section */
		3864FBED1CE65552006C6484 /* Main.storyboard */ = {
			isa = PBXVariantGroup;
			children = (
				3864FBEE1CE65552006C6484 /* Base */,
			);
			name = Main.storyboard;
			sourceTree = "<group>";
		};
		3864FBF21CE65552006C6484 /* LaunchScreen.storyboard */ = {
			isa = PBXVariantGroup;
			children = (
				3864FBF31CE65552006C6484 /* Base */,
			);
			name = LaunchScreen.storyboard;
			sourceTree = "<group>";
		};
/* End PBXVariantGroup section */

/* Begin XCBuildConfiguration section */
		3864FC0C1CE65552006C6484 /* Debug */ = {
			isa = XCBuildConfiguration;
			buildSettings = {
				ALWAYS_SEARCH_USER_PATHS = NO;
				CLANG_ANALYZER_NONNULL = YES;
				CLANG_CXX_LANGUAGE_STANDARD = "gnu++0x";
				CLANG_CXX_LIBRARY = "libc++";
				CLANG_ENABLE_MODULES = YES;
				CLANG_ENABLE_OBJC_ARC = YES;
				CLANG_WARN_BOOL_CONVERSION = YES;
				CLANG_WARN_CONSTANT_CONVERSION = YES;
				CLANG_WARN_DIRECT_OBJC_ISA_USAGE = YES_ERROR;
				CLANG_WARN_EMPTY_BODY = YES;
				CLANG_WARN_ENUM_CONVERSION = YES;
				CLANG_WARN_INT_CONVERSION = YES;
				CLANG_WARN_OBJC_ROOT_CLASS = YES_ERROR;
				CLANG_WARN_UNREACHABLE_CODE = YES;
				CLANG_WARN__DUPLICATE_METHOD_MATCH = YES;
				"CODE_SIGN_IDENTITY[sdk=iphoneos*]" = "iPhone Developer";
				COPY_PHASE_STRIP = NO;
				DEBUG_INFORMATION_FORMAT = dwarf;
				ENABLE_STRICT_OBJC_MSGSEND = YES;
				ENABLE_TESTABILITY = YES;
				GCC_C_LANGUAGE_STANDARD = gnu99;
				GCC_DYNAMIC_NO_PIC = NO;
				GCC_NO_COMMON_BLOCKS = YES;
				GCC_OPTIMIZATION_LEVEL = 0;
				GCC_PREPROCESSOR_DEFINITIONS = (
					"DEBUG=1",
					"$(inherited)",
				);
				GCC_WARN_64_TO_32_BIT_CONVERSION = YES;
				GCC_WARN_ABOUT_RETURN_TYPE = YES_ERROR;
				GCC_WARN_UNDECLARED_SELECTOR = YES;
				GCC_WARN_UNINITIALIZED_AUTOS = YES_AGGRESSIVE;
				GCC_WARN_UNUSED_FUNCTION = YES;
				GCC_WARN_UNUSED_VARIABLE = YES;
				IPHONEOS_DEPLOYMENT_TARGET = 9.3;
				MTL_ENABLE_DEBUG_INFO = YES;
				ONLY_ACTIVE_ARCH = YES;
				SDKROOT = iphoneos;
				SWIFT_OPTIMIZATION_LEVEL = "-Onone";
			};
			name = Debug;
		};
		3864FC0D1CE65552006C6484 /* Release */ = {
			isa = XCBuildConfiguration;
			buildSettings = {
				ALWAYS_SEARCH_USER_PATHS = NO;
				CLANG_ANALYZER_NONNULL = YES;
				CLANG_CXX_LANGUAGE_STANDARD = "gnu++0x";
				CLANG_CXX_LIBRARY = "libc++";
				CLANG_ENABLE_MODULES = YES;
				CLANG_ENABLE_OBJC_ARC = YES;
				CLANG_WARN_BOOL_CONVERSION = YES;
				CLANG_WARN_CONSTANT_CONVERSION = YES;
				CLANG_WARN_DIRECT_OBJC_ISA_USAGE = YES_ERROR;
				CLANG_WARN_EMPTY_BODY = YES;
				CLANG_WARN_ENUM_CONVERSION = YES;
				CLANG_WARN_INT_CONVERSION = YES;
				CLANG_WARN_OBJC_ROOT_CLASS = YES_ERROR;
				CLANG_WARN_UNREACHABLE_CODE = YES;
				CLANG_WARN__DUPLICATE_METHOD_MATCH = YES;
				"CODE_SIGN_IDENTITY[sdk=iphoneos*]" = "iPhone Developer";
				COPY_PHASE_STRIP = NO;
				DEBUG_INFORMATION_FORMAT = "dwarf-with-dsym";
				ENABLE_NS_ASSERTIONS = NO;
				ENABLE_STRICT_OBJC_MSGSEND = YES;
				GCC_C_LANGUAGE_STANDARD = gnu99;
				GCC_NO_COMMON_BLOCKS = YES;
				GCC_WARN_64_TO_32_BIT_CONVERSION = YES;
				GCC_WARN_ABOUT_RETURN_TYPE = YES_ERROR;
				GCC_WARN_UNDECLARED_SELECTOR = YES;
				GCC_WARN_UNINITIALIZED_AUTOS = YES_AGGRESSIVE;
				GCC_WARN_UNUSED_FUNCTION = YES;
				GCC_WARN_UNUSED_VARIABLE = YES;
				IPHONEOS_DEPLOYMENT_TARGET = 9.3;
				MTL_ENABLE_DEBUG_INFO = NO;
				SDKROOT = iphoneos;
				VALIDATE_PRODUCT = YES;
			};
			name = Release;
		};
		3864FC0F1CE65552006C6484 /* Debug */ = {
			isa = XCBuildConfiguration;
			baseConfigurationReference = 0825644DDAB78E6716BF849D /* Pods-Onyo-challenge.debug.xcconfig */;
			buildSettings = {
				ASSETCATALOG_COMPILER_APPICON_NAME = AppIcon;
				ENABLE_TESTABILITY = YES;
				INFOPLIST_FILE = "Onyo-challenge/Info.plist";
				IPHONEOS_DEPLOYMENT_TARGET = 8.0;
				LD_RUNPATH_SEARCH_PATHS = "$(inherited) @executable_path/Frameworks";
				PRODUCT_BUNDLE_IDENTIFIER = "Cavalca.Onyo-challenge";
				PRODUCT_NAME = "$(TARGET_NAME)";
			};
			name = Debug;
		};
		3864FC101CE65552006C6484 /* Release */ = {
			isa = XCBuildConfiguration;
			baseConfigurationReference = 52BC3A29C17AD8E19D6A6006 /* Pods-Onyo-challenge.release.xcconfig */;
			buildSettings = {
				ASSETCATALOG_COMPILER_APPICON_NAME = AppIcon;
				ENABLE_TESTABILITY = YES;
				INFOPLIST_FILE = "Onyo-challenge/Info.plist";
				IPHONEOS_DEPLOYMENT_TARGET = 8.0;
				LD_RUNPATH_SEARCH_PATHS = "$(inherited) @executable_path/Frameworks";
				PRODUCT_BUNDLE_IDENTIFIER = "Cavalca.Onyo-challenge";
				PRODUCT_NAME = "$(TARGET_NAME)";
			};
			name = Release;
		};
		3864FC121CE65552006C6484 /* Debug */ = {
			isa = XCBuildConfiguration;
			baseConfigurationReference = C173804BCEE7BF8D0C260A7C /* Pods-Onyo-challengeTests.debug.xcconfig */;
			buildSettings = {
				BUNDLE_LOADER = "$(TEST_HOST)";
				INFOPLIST_FILE = "Onyo-challengeTests/Info.plist";
				LD_RUNPATH_SEARCH_PATHS = "$(inherited) @executable_path/Frameworks @loader_path/Frameworks";
				PRODUCT_BUNDLE_IDENTIFIER = "Cavalca.Onyo-challengeTests";
				PRODUCT_NAME = "$(TARGET_NAME)";
				TEST_HOST = "$(BUILT_PRODUCTS_DIR)/Onyo-challenge.app/Onyo-challenge";
			};
			name = Debug;
		};
		3864FC131CE65552006C6484 /* Release */ = {
			isa = XCBuildConfiguration;
			baseConfigurationReference = 5FCF458BFEA61C1496395411 /* Pods-Onyo-challengeTests.release.xcconfig */;
			buildSettings = {
				BUNDLE_LOADER = "$(TEST_HOST)";
				INFOPLIST_FILE = "Onyo-challengeTests/Info.plist";
				LD_RUNPATH_SEARCH_PATHS = "$(inherited) @executable_path/Frameworks @loader_path/Frameworks";
				PRODUCT_BUNDLE_IDENTIFIER = "Cavalca.Onyo-challengeTests";
				PRODUCT_NAME = "$(TARGET_NAME)";
				TEST_HOST = "$(BUILT_PRODUCTS_DIR)/Onyo-challenge.app/Onyo-challenge";
			};
			name = Release;
		};
		3864FC151CE65552006C6484 /* Debug */ = {
			isa = XCBuildConfiguration;
			baseConfigurationReference = 246E29800DBF2D735856EE95 /* Pods-Onyo-challengeUITests.debug.xcconfig */;
			buildSettings = {
				INFOPLIST_FILE = "Onyo-challengeUITests/Info.plist";
				LD_RUNPATH_SEARCH_PATHS = "$(inherited) @executable_path/Frameworks @loader_path/Frameworks";
				PRODUCT_BUNDLE_IDENTIFIER = "Cavalca.Onyo-challengeUITests";
				PRODUCT_NAME = "$(TARGET_NAME)";
				TEST_TARGET_NAME = "Onyo-challenge";
			};
			name = Debug;
		};
		3864FC161CE65552006C6484 /* Release */ = {
			isa = XCBuildConfiguration;
			baseConfigurationReference = 5AC3D9CB870599AAF625DCF5 /* Pods-Onyo-challengeUITests.release.xcconfig */;
			buildSettings = {
				INFOPLIST_FILE = "Onyo-challengeUITests/Info.plist";
				LD_RUNPATH_SEARCH_PATHS = "$(inherited) @executable_path/Frameworks @loader_path/Frameworks";
				PRODUCT_BUNDLE_IDENTIFIER = "Cavalca.Onyo-challengeUITests";
				PRODUCT_NAME = "$(TARGET_NAME)";
				TEST_TARGET_NAME = "Onyo-challenge";
			};
			name = Release;
		};
/* End XCBuildConfiguration section */

/* Begin XCConfigurationList section */
		3864FBE11CE65552006C6484 /* Build configuration list for PBXProject "Onyo-challenge" */ = {
			isa = XCConfigurationList;
			buildConfigurations = (
				3864FC0C1CE65552006C6484 /* Debug */,
				3864FC0D1CE65552006C6484 /* Release */,
			);
			defaultConfigurationIsVisible = 0;
			defaultConfigurationName = Release;
		};
		3864FC0E1CE65552006C6484 /* Build configuration list for PBXNativeTarget "Onyo-challenge" */ = {
			isa = XCConfigurationList;
			buildConfigurations = (
				3864FC0F1CE65552006C6484 /* Debug */,
				3864FC101CE65552006C6484 /* Release */,
			);
			defaultConfigurationIsVisible = 0;
			defaultConfigurationName = Release;
		};
		3864FC111CE65552006C6484 /* Build configuration list for PBXNativeTarget "Onyo-challengeTests" */ = {
			isa = XCConfigurationList;
			buildConfigurations = (
				3864FC121CE65552006C6484 /* Debug */,
				3864FC131CE65552006C6484 /* Release */,
			);
			defaultConfigurationIsVisible = 0;
			defaultConfigurationName = Release;
		};
		3864FC141CE65552006C6484 /* Build configuration list for PBXNativeTarget "Onyo-challengeUITests" */ = {
			isa = XCConfigurationList;
			buildConfigurations = (
				3864FC151CE65552006C6484 /* Debug */,
				3864FC161CE65552006C6484 /* Release */,
			);
			defaultConfigurationIsVisible = 0;
			defaultConfigurationName = Release;
		};
/* End XCConfigurationList section */
	};
	rootObject = 3864FBDE1CE65552006C6484 /* Project object */;
}
